
Microsoft Visual Studio Solution File, Format Version 12.00
# Visual Studio 15
VisualStudioVersion = 15.0.28307.168
MinimumVisualStudioVersion = 10.0.40219.1
Project("{FAE04EC0-301F-11D3-BF4B-00C04F79EFBC}") = "SnakeGame", "SnakeGame\SnakeGame.csproj", "{794EFA35-452B-4BBF-AF6D-5B7747C40FEE}"
EndProject
Project("{2150E333-8FDC-42A3-9474-1A3956D46DE8}") = "Solution Items", "Solution Items", "{45E29076-6FDD-48F7-96DE-0A15AFA61073}"
	ProjectSection(SolutionItems) = preProject
		README.md = README.md
	EndProjectSection
EndProject
Global
	GlobalSection(SolutionConfigurationPlatforms) = preSolution
		Debug|Any CPU = Debug|Any CPU
		Deploy|Any CPU = Deploy|Any CPU
		Release|Any CPU = Release|Any CPU
	EndGlobalSection
	GlobalSection(ProjectConfigurationPlatforms) = postSolution
		{794EFA35-452B-4BBF-AF6D-5B7747C40FEE}.Debug|Any CPU.ActiveCfg = Debug|Any CPU
		{794EFA35-452B-4BBF-AF6D-5B7747C40FEE}.Debug|Any CPU.Build.0 = Debug|Any CPU
		{794EFA35-452B-4BBF-AF6D-5B7747C40FEE}.Debug|Any CPU.Deploy.0 = Debug|Any CPU
		{794EFA35-452B-4BBF-AF6D-5B7747C40FEE}.Deploy|Any CPU.ActiveCfg = Release|Any CPU
		{794EFA35-452B-4BBF-AF6D-5B7747C40FEE}.Deploy|Any CPU.Build.0 = Release|Any CPU
		{794EFA35-452B-4BBF-AF6D-5B7747C40FEE}.Deploy|Any CPU.Deploy.0 = Release|Any CPU
		{794EFA35-452B-4BBF-AF6D-5B7747C40FEE}.Release|Any CPU.ActiveCfg = Release|Any CPU
		{794EFA35-452B-4BBF-AF6D-5B7747C40FEE}.Release|Any CPU.Deploy.0 = Release|Any CPU
	EndGlobalSection
	GlobalSection(SolutionProperties) = preSolution
		HideSolutionNode = FALSE
	EndGlobalSection
	GlobalSection(ExtensibilityGlobals) = postSolution
		SolutionGuid = {59B66B28-0040-4892-8318-DE37E2FA27F4}
	EndGlobalSection
EndGlobal
